// !$*UTF8*$!
{
	archiveVersion = 1;
	classes = {
	};
	objectVersion = 77;
	objects = {

/* Begin PBXBuildFile section */
		22592EC62E5D475E00CB7D4A /* RPS Watch App.app in Embed Watch Content */ = {isa = PBXBuildFile; fileRef = 22592EC52E5D475E00CB7D4A /* RPS Watch App.app */; settings = {ATTRIBUTES = (RemoveHeadersOnCopy, ); }; };
/* End PBXBuildFile section */

/* Begin PBXContainerItemProxy section */
		22592EC72E5D475E00CB7D4A /* PBXContainerItemProxy */ = {
			isa = PBXContainerItemProxy;
			containerPortal = 22592EB92E5D475E00CB7D4A /* Project object */;
			proxyType = 1;
			remoteGlobalIDString = 22592EC42E5D475E00CB7D4A;
			remoteInfo = "RPS Watch App";
		};
		22592ED52E5D476000CB7D4A /* PBXContainerItemProxy */ = {
			isa = PBXContainerItemProxy;
			containerPortal = 22592EB92E5D475E00CB7D4A /* Project object */;
			proxyType = 1;
			remoteGlobalIDString = 22592EC42E5D475E00CB7D4A;
			remoteInfo = "RPS Watch App";
		};
		22592EDF2E5D476000CB7D4A /* PBXContainerItemProxy */ = {
			isa = PBXContainerItemProxy;
			containerPortal = 22592EB92E5D475E00CB7D4A /* Project object */;
			proxyType = 1;
			remoteGlobalIDString = 22592EC42E5D475E00CB7D4A;
			remoteInfo = "RPS Watch App";
		};
/* End PBXContainerItemProxy section */

/* Begin PBXCopyFilesBuildPhase section */
		22592EEB2E5D476000CB7D4A /* Embed Watch Content */ = {
			isa = PBXCopyFilesBuildPhase;
			buildActionMask = 2147483647;
			dstPath = "$(CONTENTS_FOLDER_PATH)/Watch";
			dstSubfolderSpec = 16;
			files = (
				22592EC62E5D475E00CB7D4A /* RPS Watch App.app in Embed Watch Content */,
			);
			name = "Embed Watch Content";
			runOnlyForDeploymentPostprocessing = 0;
		};
/* End PBXCopyFilesBuildPhase section */

/* Begin PBXFileReference section */
		22592EBF2E5D475E00CB7D4A /* RPS.app */ = {isa = PBXFileReference; explicitFileType = wrapper.application; includeInIndex = 0; path = RPS.app; sourceTree = BUILT_PRODUCTS_DIR; };
		22592EC52E5D475E00CB7D4A /* RPS Watch App.app */ = {isa = PBXFileReference; explicitFileType = wrapper.application; includeInIndex = 0; path = "RPS Watch App.app"; sourceTree = BUILT_PRODUCTS_DIR; };
		22592ED42E5D476000CB7D4A /* RPS Watch AppTests.xctest */ = {isa = PBXFileReference; explicitFileType = wrapper.cfbundle; includeInIndex = 0; path = "RPS Watch AppTests.xctest"; sourceTree = BUILT_PRODUCTS_DIR; };
		22592EDE2E5D476000CB7D4A /* RPS Watch AppUITests.xctest */ = {isa = PBXFileReference; explicitFileType = wrapper.cfbundle; includeInIndex = 0; path = "RPS Watch AppUITests.xctest"; sourceTree = BUILT_PRODUCTS_DIR; };
/* End PBXFileReference section */

/* Begin PBXFileSystemSynchronizedRootGroup section */
		22592EC92E5D475E00CB7D4A /* RPS Watch App */ = {
			isa = PBXFileSystemSynchronizedRootGroup;
			path = "RPS Watch App";
			sourceTree = "<group>";
		};
		22592ED72E5D476000CB7D4A /* RPS Watch AppTests */ = {
			isa = PBXFileSystemSynchronizedRootGroup;
			path = "RPS Watch AppTests";
			sourceTree = "<group>";
		};
		22592EE12E5D476000CB7D4A /* RPS Watch AppUITests */ = {
			isa = PBXFileSystemSynchronizedRootGroup;
			path = "RPS Watch AppUITests";
			sourceTree = "<group>";
		};
/* End PBXFileSystemSynchronizedRootGroup section */

/* Begin PBXFrameworksBuildPhase section */
		22592EC22E5D475E00CB7D4A /* Frameworks */ = {
			isa = PBXFrameworksBuildPhase;
			buildActionMask = 2147483647;
			files = (
			);
			runOnlyForDeploymentPostprocessing = 0;
		};
		22592ED12E5D476000CB7D4A /* Frameworks */ = {
			isa = PBXFrameworksBuildPhase;
			buildActionMask = 2147483647;
			files = (
			);
			runOnlyForDeploymentPostprocessing = 0;
		};
		22592EDB2E5D476000CB7D4A /* Frameworks */ = {
			isa = PBXFrameworksBuildPhase;
			buildActionMask = 2147483647;
			files = (
			);
			runOnlyForDeploymentPostprocessing = 0;
		};
/* End PBXFrameworksBuildPhase section */

/* Begin PBXGroup section */
		22592EB82E5D475E00CB7D4A = {
			isa = PBXGroup;
			children = (
				22592EC92E5D475E00CB7D4A /* RPS Watch App */,
				22592ED72E5D476000CB7D4A /* RPS Watch AppTests */,
				22592EE12E5D476000CB7D4A /* RPS Watch AppUITests */,
				22592EC02E5D475E00CB7D4A /* Products */,
			);
			sourceTree = "<group>";
		};
		22592EC02E5D475E00CB7D4A /* Products */ = {
			isa = PBXGroup;
			children = (
				22592EBF2E5D475E00CB7D4A /* RPS.app */,
				22592EC52E5D475E00CB7D4A /* RPS Watch App.app */,
				22592ED42E5D476000CB7D4A /* RPS Watch AppTests.xctest */,
				22592EDE2E5D476000CB7D4A /* RPS Watch AppUITests.xctest */,
			);
			name = Products;
			sourceTree = "<group>";
		};
/* End PBXGroup section */

/* Begin PBXNativeTarget section */
		22592EBE2E5D475E00CB7D4A /* RPS */ = {
			isa = PBXNativeTarget;
			buildConfigurationList = 22592EEC2E5D476000CB7D4A /* Build configuration list for PBXNativeTarget "RPS" */;
			buildPhases = (
				22592EBD2E5D475E00CB7D4A /* Resources */,
				22592EEB2E5D476000CB7D4A /* Embed Watch Content */,
			);
			buildRules = (
			);
			dependencies = (
				22592EC82E5D475E00CB7D4A /* PBXTargetDependency */,
			);
			name = RPS;
			packageProductDependencies = (
			);
			productName = RPS;
			productReference = 22592EBF2E5D475E00CB7D4A /* RPS.app */;
			productType = "com.apple.product-type.application.watchapp2-container";
		};
		22592EC42E5D475E00CB7D4A /* RPS Watch App */ = {
			isa = PBXNativeTarget;
			buildConfigurationList = 22592EE82E5D476000CB7D4A /* Build configuration list for PBXNativeTarget "RPS Watch App" */;
			buildPhases = (
				22592EC12E5D475E00CB7D4A /* Sources */,
				22592EC22E5D475E00CB7D4A /* Frameworks */,
				22592EC32E5D475E00CB7D4A /* Resources */,
			);
			buildRules = (
			);
			dependencies = (
			);
			fileSystemSynchronizedGroups = (
				22592EC92E5D475E00CB7D4A /* RPS Watch App */,
			);
			name = "RPS Watch App";
			packageProductDependencies = (
			);
			productName = "RPS Watch App";
			productReference = 22592EC52E5D475E00CB7D4A /* RPS Watch App.app */;
			productType = "com.apple.product-type.application";
		};
		22592ED32E5D476000CB7D4A /* RPS Watch AppTests */ = {
			isa = PBXNativeTarget;
			buildConfigurationList = 22592EEF2E5D476000CB7D4A /* Build configuration list for PBXNativeTarget "RPS Watch AppTests" */;
			buildPhases = (
				22592ED02E5D476000CB7D4A /* Sources */,
				22592ED12E5D476000CB7D4A /* Frameworks */,
				22592ED22E5D476000CB7D4A /* Resources */,
			);
			buildRules = (
			);
			dependencies = (
				22592ED62E5D476000CB7D4A /* PBXTargetDependency */,
			);
			fileSystemSynchronizedGroups = (
				22592ED72E5D476000CB7D4A /* RPS Watch AppTests */,
			);
			name = "RPS Watch AppTests";
			packageProductDependencies = (
			);
			productName = "RPS Watch AppTests";
			productReference = 22592ED42E5D476000CB7D4A /* RPS Watch AppTests.xctest */;
			productType = "com.apple.product-type.bundle.unit-test";
		};
		22592EDD2E5D476000CB7D4A /* RPS Watch AppUITests */ = {
			isa = PBXNativeTarget;
			buildConfigurationList = 22592EF22E5D476000CB7D4A /* Build configuration list for PBXNativeTarget "RPS Watch AppUITests" */;
			buildPhases = (
				22592EDA2E5D476000CB7D4A /* Sources */,
				22592EDB2E5D476000CB7D4A /* Frameworks */,
				22592EDC2E5D476000CB7D4A /* Resources */,
			);
			buildRules = (
			);
			dependencies = (
				22592EE02E5D476000CB7D4A /* PBXTargetDependency */,
			);
			fileSystemSynchronizedGroups = (
				22592EE12E5D476000CB7D4A /* RPS Watch AppUITests */,
			);
			name = "RPS Watch AppUITests";
			packageProductDependencies = (
			);
			productName = "RPS Watch AppUITests";
			productReference = 22592EDE2E5D476000CB7D4A /* RPS Watch AppUITests.xctest */;
			productType = "com.apple.product-type.bundle.ui-testing";
		};
/* End PBXNativeTarget section */

/* Begin PBXProject section */
		22592EB92E5D475E00CB7D4A /* Project object */ = {
			isa = PBXProject;
			attributes = {
				BuildIndependentTargetsInParallel = 1;
				LastSwiftUpdateCheck = 1640;
				LastUpgradeCheck = 1640;
				TargetAttributes = {
					22592EBE2E5D475E00CB7D4A = {
						CreatedOnToolsVersion = 16.4;
					};
					22592EC42E5D475E00CB7D4A = {
						CreatedOnToolsVersion = 16.4;
					};
					22592ED32E5D476000CB7D4A = {
						CreatedOnToolsVersion = 16.4;
						TestTargetID = 22592EC42E5D475E00CB7D4A;
					};
					22592EDD2E5D476000CB7D4A = {
						CreatedOnToolsVersion = 16.4;
						TestTargetID = 22592EC42E5D475E00CB7D4A;
					};
				};
			};
			buildConfigurationList = 22592EBC2E5D475E00CB7D4A /* Build configuration list for PBXProject "RPS" */;
			developmentRegion = en;
			hasScannedForEncodings = 0;
			knownRegions = (
				en,
				Base,
			);
			mainGroup = 22592EB82E5D475E00CB7D4A;
			minimizedProjectReferenceProxies = 1;
			preferredProjectObjectVersion = 77;
			productRefGroup = 22592EC02E5D475E00CB7D4A /* Products */;
			projectDirPath = "";
			projectRoot = "";
			targets = (
				22592EBE2E5D475E00CB7D4A /* RPS */,
				22592EC42E5D475E00CB7D4A /* RPS Watch App */,
				22592ED32E5D476000CB7D4A /* RPS Watch AppTests */,
				22592EDD2E5D476000CB7D4A /* RPS Watch AppUITests */,
			);
		};
/* End PBXProject section */

/* Begin PBXResourcesBuildPhase section */
		22592EBD2E5D475E00CB7D4A /* Resources */ = {
			isa = PBXResourcesBuildPhase;
			buildActionMask = 2147483647;
			files = (
			);
			runOnlyForDeploymentPostprocessing = 0;
		};
		22592EC32E5D475E00CB7D4A /* Resources */ = {
			isa = PBXResourcesBuildPhase;
			buildActionMask = 2147483647;
			files = (
			);
			runOnlyForDeploymentPostprocessing = 0;
		};
		22592ED22E5D476000CB7D4A /* Resources */ = {
			isa = PBXResourcesBuildPhase;
			buildActionMask = 2147483647;
			files = (
			);
			runOnlyForDeploymentPostprocessing = 0;
		};
		22592EDC2E5D476000CB7D4A /* Resources */ = {
			isa = PBXResourcesBuildPhase;
			buildActionMask = 2147483647;
			files = (
			);
			runOnlyForDeploymentPostprocessing = 0;
		};
/* End PBXResourcesBuildPhase section */

/* Begin PBXSourcesBuildPhase section */
		22592EC12E5D475E00CB7D4A /* Sources */ = {
			isa = PBXSourcesBuildPhase;
			buildActionMask = 2147483647;
			files = (
			);
			runOnlyForDeploymentPostprocessing = 0;
		};
		22592ED02E5D476000CB7D4A /* Sources */ = {
			isa = PBXSourcesBuildPhase;
			buildActionMask = 2147483647;
			files = (
			);
			runOnlyForDeploymentPostprocessing = 0;
		};
		22592EDA2E5D476000CB7D4A /* Sources */ = {
			isa = PBXSourcesBuildPhase;
			buildActionMask = 2147483647;
			files = (
			);
			runOnlyForDeploymentPostprocessing = 0;
		};
/* End PBXSourcesBuildPhase section */

/* Begin PBXTargetDependency section */
		22592EC82E5D475E00CB7D4A /* PBXTargetDependency */ = {
			isa = PBXTargetDependency;
			target = 22592EC42E5D475E00CB7D4A /* RPS Watch App */;
			targetProxy = 22592EC72E5D475E00CB7D4A /* PBXContainerItemProxy */;
		};
		22592ED62E5D476000CB7D4A /* PBXTargetDependency */ = {
			isa = PBXTargetDependency;
			target = 22592EC42E5D475E00CB7D4A /* RPS Watch App */;
			targetProxy = 22592ED52E5D476000CB7D4A /* PBXContainerItemProxy */;
		};
		22592EE02E5D476000CB7D4A /* PBXTargetDependency */ = {
			isa = PBXTargetDependency;
			target = 22592EC42E5D475E00CB7D4A /* RPS Watch App */;
			targetProxy = 22592EDF2E5D476000CB7D4A /* PBXContainerItemProxy */;
		};
/* End PBXTargetDependency section */

/* Begin XCBuildConfiguration section */
		22592EE62E5D476000CB7D4A /* Debug */ = {
			isa = XCBuildConfiguration;
			buildSettings = {
				ALWAYS_SEARCH_USER_PATHS = NO;
				ASSETCATALOG_COMPILER_GENERATE_SWIFT_ASSET_SYMBOL_EXTENSIONS = YES;
				CLANG_ANALYZER_NONNULL = YES;
				CLANG_ANALYZER_NUMBER_OBJECT_CONVERSION = YES_AGGRESSIVE;
				CLANG_CXX_LANGUAGE_STANDARD = "gnu++20";
				CLANG_ENABLE_MODULES = YES;
				CLANG_ENABLE_OBJC_ARC = YES;
				CLANG_ENABLE_OBJC_WEAK = YES;
				CLANG_WARN_BLOCK_CAPTURE_AUTORELEASING = YES;
				CLANG_WARN_BOOL_CONVERSION = YES;
				CLANG_WARN_COMMA = YES;
				CLANG_WARN_CONSTANT_CONVERSION = YES;
				CLANG_WARN_DEPRECATED_OBJC_IMPLEMENTATIONS = YES;
				CLANG_WARN_DIRECT_OBJC_ISA_USAGE = YES_ERROR;
				CLANG_WARN_DOCUMENTATION_COMMENTS = YES;
				CLANG_WARN_EMPTY_BODY = YES;
				CLANG_WARN_ENUM_CONVERSION = YES;
				CLANG_WARN_INFINITE_RECURSION = YES;
				CLANG_WARN_INT_CONVERSION = YES;
				CLANG_WARN_NON_LITERAL_NULL_CONVERSION = YES;
				CLANG_WARN_OBJC_IMPLICIT_RETAIN_SELF = YES;
				CLANG_WARN_OBJC_LITERAL_CONVERSION = YES;
				CLANG_WARN_OBJC_ROOT_CLASS = YES_ERROR;
				CLANG_WARN_QUOTED_INCLUDE_IN_FRAMEWORK_HEADER = YES;
				CLANG_WARN_RANGE_LOOP_ANALYSIS = YES;
				CLANG_WARN_STRICT_PROTOTYPES = YES;
				CLANG_WARN_SUSPICIOUS_MOVE = YES;
				CLANG_WARN_UNGUARDED_AVAILABILITY = YES_AGGRESSIVE;
				CLANG_WARN_UNREACHABLE_CODE = YES;
				CLANG_WARN__DUPLICATE_METHOD_MATCH = YES;
				COPY_PHASE_STRIP = NO;
				DEBUG_INFORMATION_FORMAT = dwarf;
				DEVELOPMENT_TEAM = U92SFGNT3C;
				ENABLE_STRICT_OBJC_MSGSEND = YES;
				ENABLE_TESTABILITY = YES;
				ENABLE_USER_SCRIPT_SANDBOXING = YES;
				GCC_C_LANGUAGE_STANDARD = gnu17;
				GCC_DYNAMIC_NO_PIC = NO;
				GCC_NO_COMMON_BLOCKS = YES;
				GCC_OPTIMIZATION_LEVEL = 0;
				GCC_PREPROCESSOR_DEFINITIONS = (
					"DEBUG=1",
					"$(inherited)",
				);
				GCC_WARN_64_TO_32_BIT_CONVERSION = YES;
				GCC_WARN_ABOUT_RETURN_TYPE = YES_ERROR;
				GCC_WARN_UNDECLARED_SELECTOR = YES;
				GCC_WARN_UNINITIALIZED_AUTOS = YES_AGGRESSIVE;
				GCC_WARN_UNUSED_FUNCTION = YES;
				GCC_WARN_UNUSED_VARIABLE = YES;
				LOCALIZATION_PREFERS_STRING_CATALOGS = YES;
				MTL_ENABLE_DEBUG_INFO = INCLUDE_SOURCE;
				MTL_FAST_MATH = YES;
				ONLY_ACTIVE_ARCH = YES;
				SWIFT_ACTIVE_COMPILATION_CONDITIONS = "DEBUG $(inherited)";
				SWIFT_OPTIMIZATION_LEVEL = "-Onone";
			};
			name = Debug;
		};
		22592EE72E5D476000CB7D4A /* Release */ = {
			isa = XCBuildConfiguration;
			buildSettings = {
				ALWAYS_SEARCH_USER_PATHS = NO;
				ASSETCATALOG_COMPILER_GENERATE_SWIFT_ASSET_SYMBOL_EXTENSIONS = YES;
				CLANG_ANALYZER_NONNULL = YES;
				CLANG_ANALYZER_NUMBER_OBJECT_CONVERSION = YES_AGGRESSIVE;
				CLANG_CXX_LANGUAGE_STANDARD = "gnu++20";
				CLANG_ENABLE_MODULES = YES;
				CLANG_ENABLE_OBJC_ARC = YES;
				CLANG_ENABLE_OBJC_WEAK = YES;
				CLANG_WARN_BLOCK_CAPTURE_AUTORELEASING = YES;
				CLANG_WARN_BOOL_CONVERSION = YES;
				CLANG_WARN_COMMA = YES;
				CLANG_WARN_CONSTANT_CONVERSION = YES;
				CLANG_WARN_DEPRECATED_OBJC_IMPLEMENTATIONS = YES;
				CLANG_WARN_DIRECT_OBJC_ISA_USAGE = YES_ERROR;
				CLANG_WARN_DOCUMENTATION_COMMENTS = YES;
				CLANG_WARN_EMPTY_BODY = YES;
				CLANG_WARN_ENUM_CONVERSION = YES;
				CLANG_WARN_INFINITE_RECURSION = YES;
				CLANG_WARN_INT_CONVERSION = YES;
				CLANG_WARN_NON_LITERAL_NULL_CONVERSION = YES;
				CLANG_WARN_OBJC_IMPLICIT_RETAIN_SELF = YES;
				CLANG_WARN_OBJC_LITERAL_CONVERSION = YES;
				CLANG_WARN_OBJC_ROOT_CLASS = YES_ERROR;
				CLANG_WARN_QUOTED_INCLUDE_IN_FRAMEWORK_HEADER = YES;
				CLANG_WARN_RANGE_LOOP_ANALYSIS = YES;
				CLANG_WARN_STRICT_PROTOTYPES = YES;
				CLANG_WARN_SUSPICIOUS_MOVE = YES;
				CLANG_WARN_UNGUARDED_AVAILABILITY = YES_AGGRESSIVE;
				CLANG_WARN_UNREACHABLE_CODE = YES;
				CLANG_WARN__DUPLICATE_METHOD_MATCH = YES;
				COPY_PHASE_STRIP = NO;
				DEBUG_INFORMATION_FORMAT = "dwarf-with-dsym";
				DEVELOPMENT_TEAM = U92SFGNT3C;
				ENABLE_NS_ASSERTIONS = NO;
				ENABLE_STRICT_OBJC_MSGSEND = YES;
				ENABLE_USER_SCRIPT_SANDBOXING = YES;
				GCC_C_LANGUAGE_STANDARD = gnu17;
				GCC_NO_COMMON_BLOCKS = YES;
				GCC_WARN_64_TO_32_BIT_CONVERSION = YES;
				GCC_WARN_ABOUT_RETURN_TYPE = YES_ERROR;
				GCC_WARN_UNDECLARED_SELECTOR = YES;
				GCC_WARN_UNINITIALIZED_AUTOS = YES_AGGRESSIVE;
				GCC_WARN_UNUSED_FUNCTION = YES;
				GCC_WARN_UNUSED_VARIABLE = YES;
				LOCALIZATION_PREFERS_STRING_CATALOGS = YES;
				MTL_ENABLE_DEBUG_INFO = NO;
				MTL_FAST_MATH = YES;
				SWIFT_COMPILATION_MODE = wholemodule;
			};
			name = Release;
		};
		22592EE92E5D476000CB7D4A /* Debug */ = {
			isa = XCBuildConfiguration;
			buildSettings = {
				ASSETCATALOG_COMPILER_APPICON_NAME = AppIcon;
				ASSETCATALOG_COMPILER_GLOBAL_ACCENT_COLOR_NAME = AccentColor;
				CODE_SIGN_STYLE = Automatic;
				CURRENT_PROJECT_VERSION = 1;
				DEVELOPMENT_TEAM = U92SFGNT3C;
				ENABLE_PREVIEWS = YES;
				GENERATE_INFOPLIST_FILE = YES;
				INFOPLIST_KEY_CFBundleDisplayName = RPS;
				INFOPLIST_KEY_UISupportedInterfaceOrientations = "UIInterfaceOrientationPortrait UIInterfaceOrientationPortraitUpsideDown";
				INFOPLIST_KEY_WKWatchOnly = YES;
				LD_RUNPATH_SEARCH_PATHS = (
					"$(inherited)",
					"@executable_path/Frameworks",
				);
				MARKETING_VERSION = 1.0;
				PRODUCT_BUNDLE_IDENTIFIER = com.mirva.RPS.watchkitapp;
				PRODUCT_NAME = "$(TARGET_NAME)";
				SDKROOT = watchos;
				SKIP_INSTALL = YES;
				SWIFT_EMIT_LOC_STRINGS = YES;
				SWIFT_VERSION = 5.0;
				TARGETED_DEVICE_FAMILY = 4;
				WATCHOS_DEPLOYMENT_TARGET = 11.5;
			};
			name = Debug;
		};
		22592EEA2E5D476000CB7D4A /* Release */ = {
			isa = XCBuildConfiguration;
			buildSettings = {
				ASSETCATALOG_COMPILER_APPICON_NAME = AppIcon;
				ASSETCATALOG_COMPILER_GLOBAL_ACCENT_COLOR_NAME = AccentColor;
				CODE_SIGN_STYLE = Automatic;
				CURRENT_PROJECT_VERSION = 1;
				DEVELOPMENT_TEAM = U92SFGNT3C;
				ENABLE_PREVIEWS = YES;
				GENERATE_INFOPLIST_FILE = YES;
				INFOPLIST_KEY_CFBundleDisplayName = RPS;
				INFOPLIST_KEY_UISupportedInterfaceOrientations = "UIInterfaceOrientationPortrait UIInterfaceOrientationPortraitUpsideDown";
				INFOPLIST_KEY_WKWatchOnly = YES;
				LD_RUNPATH_SEARCH_PATHS = (
					"$(inherited)",
					"@executable_path/Frameworks",
				);
				MARKETING_VERSION = 1.0;
				PRODUCT_BUNDLE_IDENTIFIER = com.mirva.RPS.watchkitapp;
				PRODUCT_NAME = "$(TARGET_NAME)";
				SDKROOT = watchos;
				SKIP_INSTALL = YES;
				SWIFT_EMIT_LOC_STRINGS = YES;
				SWIFT_VERSION = 5.0;
				TARGETED_DEVICE_FAMILY = 4;
				VALIDATE_PRODUCT = YES;
				WATCHOS_DEPLOYMENT_TARGET = 11.5;
			};
			name = Release;
		};
		22592EED2E5D476000CB7D4A /* Debug */ = {
			isa = XCBuildConfiguration;
			buildSettings = {
				CODE_SIGN_STYLE = Automatic;
				CURRENT_PROJECT_VERSION = 1;
				DEVELOPMENT_TEAM = U92SFGNT3C;
				INFOPLIST_KEY_CFBundleDisplayName = RPS;
				MARKETING_VERSION = 1.0;
				PRODUCT_BUNDLE_IDENTIFIER = com.mirva.RPS;
				PRODUCT_NAME = "$(TARGET_NAME)";
				SDKROOT = iphoneos;
				SWIFT_VERSION = 5.0;
			};
			name = Debug;
		};
		22592EEE2E5D476000CB7D4A /* Release */ = {
			isa = XCBuildConfiguration;
			buildSettings = {
				CODE_SIGN_STYLE = Automatic;
				CURRENT_PROJECT_VERSION = 1;
				DEVELOPMENT_TEAM = U92SFGNT3C;
				INFOPLIST_KEY_CFBundleDisplayName = RPS;
				MARKETING_VERSION = 1.0;
				PRODUCT_BUNDLE_IDENTIFIER = com.mirva.RPS;
				PRODUCT_NAME = "$(TARGET_NAME)";
				SDKROOT = iphoneos;
				SWIFT_VERSION = 5.0;
				VALIDATE_PRODUCT = YES;
			};
			name = Release;
		};
		22592EF02E5D476000CB7D4A /* Debug */ = {
			isa = XCBuildConfiguration;
			buildSettings = {
				BUNDLE_LOADER = "$(TEST_HOST)";
				CODE_SIGN_STYLE = Automatic;
				CURRENT_PROJECT_VERSION = 1;
				DEVELOPMENT_TEAM = U92SFGNT3C;
				GENERATE_INFOPLIST_FILE = YES;
				MARKETING_VERSION = 1.0;
				PRODUCT_BUNDLE_IDENTIFIER = "com.mirva.RPS-Watch-AppTests";
				PRODUCT_NAME = "$(TARGET_NAME)";
				SDKROOT = watchos;
				SWIFT_EMIT_LOC_STRINGS = NO;
				SWIFT_VERSION = 5.0;
				TARGETED_DEVICE_FAMILY = 4;
				TEST_HOST = "$(BUILT_PRODUCTS_DIR)/RPS Watch App.app/$(BUNDLE_EXECUTABLE_FOLDER_PATH)/RPS Watch App";
				WATCHOS_DEPLOYMENT_TARGET = 11.5;
			};
			name = Debug;
		};
		22592EF12E5D476000CB7D4A /* Release */ = {
			isa = XCBuildConfiguration;
			buildSettings = {
				BUNDLE_LOADER = "$(TEST_HOST)";
				CODE_SIGN_STYLE = Automatic;
				CURRENT_PROJECT_VERSION = 1;
				DEVELOPMENT_TEAM = U92SFGNT3C;
				GENERATE_INFOPLIST_FILE = YES;
				MARKETING_VERSION = 1.0;
				PRODUCT_BUNDLE_IDENTIFIER = "com.mirva.RPS-Watch-AppTests";
				PRODUCT_NAME = "$(TARGET_NAME)";
				SDKROOT = watchos;
				SWIFT_EMIT_LOC_STRINGS = NO;
				SWIFT_VERSION = 5.0;
				TARGETED_DEVICE_FAMILY = 4;
				TEST_HOST = "$(BUILT_PRODUCTS_DIR)/RPS Watch App.app/$(BUNDLE_EXECUTABLE_FOLDER_PATH)/RPS Watch App";
				VALIDATE_PRODUCT = YES;
				WATCHOS_DEPLOYMENT_TARGET = 11.5;
			};
			name = Release;
		};
		22592EF32E5D476000CB7D4A /* Debug */ = {
			isa = XCBuildConfiguration;
			buildSettings = {
				CODE_SIGN_STYLE = Automatic;
				CURRENT_PROJECT_VERSION = 1;
				DEVELOPMENT_TEAM = U92SFGNT3C;
				GENERATE_INFOPLIST_FILE = YES;
				MARKETING_VERSION = 1.0;
				PRODUCT_BUNDLE_IDENTIFIER = "com.mirva.RPS-Watch-AppUITests";
				PRODUCT_NAME = "$(TARGET_NAME)";
				SDKROOT = watchos;
				SWIFT_EMIT_LOC_STRINGS = NO;
				SWIFT_VERSION = 5.0;
				TARGETED_DEVICE_FAMILY = 4;
				TEST_TARGET_NAME = "RPS Watch App";
				WATCHOS_DEPLOYMENT_TARGET = 11.5;
			};
			name = Debug;
		};
		22592EF42E5D476000CB7D4A /* Release */ = {
			isa = XCBuildConfiguration;
			buildSettings = {
				CODE_SIGN_STYLE = Automatic;
				CURRENT_PROJECT_VERSION = 1;
				DEVELOPMENT_TEAM = U92SFGNT3C;
				GENERATE_INFOPLIST_FILE = YES;
				MARKETING_VERSION = 1.0;
				PRODUCT_BUNDLE_IDENTIFIER = "com.mirva.RPS-Watch-AppUITests";
				PRODUCT_NAME = "$(TARGET_NAME)";
				SDKROOT = watchos;
				SWIFT_EMIT_LOC_STRINGS = NO;
				SWIFT_VERSION = 5.0;
				TARGETED_DEVICE_FAMILY = 4;
				TEST_TARGET_NAME = "RPS Watch App";
				VALIDATE_PRODUCT = YES;
				WATCHOS_DEPLOYMENT_TARGET = 11.5;
			};
			name = Release;
		};
/* End XCBuildConfiguration section */

/* Begin XCConfigurationList section */
		22592EBC2E5D475E00CB7D4A /* Build configuration list for PBXProject "RPS" */ = {
			isa = XCConfigurationList;
			buildConfigurations = (
				22592EE62E5D476000CB7D4A /* Debug */,
				22592EE72E5D476000CB7D4A /* Release */,
			);
			defaultConfigurationIsVisible = 0;
			defaultConfigurationName = Release;
		};
		22592EE82E5D476000CB7D4A /* Build configuration list for PBXNativeTarget "RPS Watch App" */ = {
			isa = XCConfigurationList;
			buildConfigurations = (
				22592EE92E5D476000CB7D4A /* Debug */,
				22592EEA2E5D476000CB7D4A /* Release */,
			);
			defaultConfigurationIsVisible = 0;
			defaultConfigurationName = Release;
		};
		22592EEC2E5D476000CB7D4A /* Build configuration list for PBXNativeTarget "RPS" */ = {
			isa = XCConfigurationList;
			buildConfigurations = (
				22592EED2E5D476000CB7D4A /* Debug */,
				22592EEE2E5D476000CB7D4A /* Release */,
			);
			defaultConfigurationIsVisible = 0;
			defaultConfigurationName = Release;
		};
		22592EEF2E5D476000CB7D4A /* Build configuration list for PBXNativeTarget "RPS Watch AppTests" */ = {
			isa = XCConfigurationList;
			buildConfigurations = (
				22592EF02E5D476000CB7D4A /* Debug */,
				22592EF12E5D476000CB7D4A /* Release */,
			);
			defaultConfigurationIsVisible = 0;
			defaultConfigurationName = Release;
		};
		22592EF22E5D476000CB7D4A /* Build configuration list for PBXNativeTarget "RPS Watch AppUITests" */ = {
			isa = XCConfigurationList;
			buildConfigurations = (
				22592EF32E5D476000CB7D4A /* Debug */,
				22592EF42E5D476000CB7D4A /* Release */,
			);
			defaultConfigurationIsVisible = 0;
			defaultConfigurationName = Release;
		};
/* End XCConfigurationList section */
	};
	rootObject = 22592EB92E5D475E00CB7D4A /* Project object */;
}
